
Microsoft Visual Studio Solution File, Format Version 12.00
# Visual Studio Version 17
VisualStudioVersion = 17.0.31903.59
MinimumVisualStudioVersion = 10.0.40219.1
Project("{FAE04EC0-301F-11D3-BF4B-00C04F79EFBC}") = "calculo-alcool-gas", "calculo-alcool-gas\calculo-alcool-gas.csproj", "{892496BB-C37D-4750-80DA-ABF97E054CBF}"
EndProject
Global
	GlobalSection(SolutionConfigurationPlatforms) = preSolution
		Debug|Any CPU = Debug|Any CPU
		Release|Any CPU = Release|Any CPU
	EndGlobalSection
	GlobalSection(SolutionProperties) = preSolution
		HideSolutionNode = FALSE
	EndGlobalSection
	GlobalSection(ProjectConfigurationPlatforms) = postSolution
		{892496BB-C37D-4750-80DA-ABF97E054CBF}.Debug|Any CPU.ActiveCfg = Debug|Any CPU
		{892496BB-C37D-4750-80DA-ABF97E054CBF}.Debug|Any CPU.Build.0 = Debug|Any CPU
		{892496BB-C37D-4750-80DA-ABF97E054CBF}.Release|Any CPU.ActiveCfg = Release|Any CPU
		{892496BB-C37D-4750-80DA-ABF97E054CBF}.Release|Any CPU.Build.0 = Release|Any CPU
	EndGlobalSection
EndGlobal
